
Microsoft Visual Studio Solution File, Format Version 12.00
# Visual Studio 15
Project("{FAE04EC0-301F-11D3-BF4B-00C04F79EFBC}") = "Assembly-CSharp", "Assembly-CSharp.csproj", "{5E6697AD-4D70-BED0-858E-89FB59DB43FA}"
EndProject
Project("{FAE04EC0-301F-11D3-BF4B-00C04F79EFBC}") = "Assembly-CSharp-Editor", "Assembly-CSharp-Editor.csproj", "{3A463A80-8045-0BE9-CF79-04DAA88BB028}"
EndProject
Global
	GlobalSection(SolutionConfigurationPlatforms) = preSolution
		Debug|Any CPU = Debug|Any CPU
		Release|Any CPU = Release|Any CPU
	EndGlobalSection
	GlobalSection(ProjectConfigurationPlatforms) = postSolution
		{5E6697AD-4D70-BED0-858E-89FB59DB43FA}.Debug|Any CPU.ActiveCfg = Debug|Any CPU
		{5E6697AD-4D70-BED0-858E-89FB59DB43FA}.Debug|Any CPU.Build.0 = Debug|Any CPU
		{5E6697AD-4D70-BED0-858E-89FB59DB43FA}.Release|Any CPU.ActiveCfg = Release|Any CPU
		{5E6697AD-4D70-BED0-858E-89FB59DB43FA}.Release|Any CPU.Build.0 = Release|Any CPU
		{3A463A80-8045-0BE9-CF79-04DAA88BB028}.Debug|Any CPU.ActiveCfg = Debug|Any CPU
		{3A463A80-8045-0BE9-CF79-04DAA88BB028}.Debug|Any CPU.Build.0 = Debug|Any CPU
		{3A463A80-8045-0BE9-CF79-04DAA88BB028}.Release|Any CPU.ActiveCfg = Release|Any CPU
		{3A463A80-8045-0BE9-CF79-04DAA88BB028}.Release|Any CPU.Build.0 = Release|Any CPU
	EndGlobalSection
	GlobalSection(SolutionProperties) = preSolution
		HideSolutionNode = FALSE
	EndGlobalSection
EndGlobal
