
Microsoft Visual Studio Solution File, Format Version 12.00
# Visual Studio 15
Project("{FAE04EC0-301F-11D3-BF4B-00C04F79EFBC}") = "Assembly-CSharp", "Assembly-CSharp.csproj", "{12F7A4A8-90E6-F08E-47AE-6C57DAECC73C}"
EndProject
Project("{FAE04EC0-301F-11D3-BF4B-00C04F79EFBC}") = "Assembly-CSharp-Editor", "Assembly-CSharp-Editor.csproj", "{3E82BC10-4C2F-4787-C279-16284DB7F375}"
EndProject
Global
	GlobalSection(SolutionConfigurationPlatforms) = preSolution
		Debug|Any CPU = Debug|Any CPU
		Release|Any CPU = Release|Any CPU
	EndGlobalSection
	GlobalSection(ProjectConfigurationPlatforms) = postSolution
		{12F7A4A8-90E6-F08E-47AE-6C57DAECC73C}.Debug|Any CPU.ActiveCfg = Debug|Any CPU
		{12F7A4A8-90E6-F08E-47AE-6C57DAECC73C}.Debug|Any CPU.Build.0 = Debug|Any CPU
		{12F7A4A8-90E6-F08E-47AE-6C57DAECC73C}.Release|Any CPU.ActiveCfg = Release|Any CPU
		{12F7A4A8-90E6-F08E-47AE-6C57DAECC73C}.Release|Any CPU.Build.0 = Release|Any CPU
		{3E82BC10-4C2F-4787-C279-16284DB7F375}.Debug|Any CPU.ActiveCfg = Debug|Any CPU
		{3E82BC10-4C2F-4787-C279-16284DB7F375}.Debug|Any CPU.Build.0 = Debug|Any CPU
		{3E82BC10-4C2F-4787-C279-16284DB7F375}.Release|Any CPU.ActiveCfg = Release|Any CPU
		{3E82BC10-4C2F-4787-C279-16284DB7F375}.Release|Any CPU.Build.0 = Release|Any CPU
	EndGlobalSection
	GlobalSection(SolutionProperties) = preSolution
		HideSolutionNode = FALSE
	EndGlobalSection
EndGlobal
